// !$*UTF8*$!
{
	archiveVersion = 1;
	classes = {
	};
	objectVersion = 48;
	objects = {

/* Begin PBXBuildFile section */
		A24C7E331FA25B7A00A929BA /* CreativityScreen.swift in Sources */ = {isa = PBXBuildFile; fileRef = A24C7E321FA25B7A00A929BA /* CreativityScreen.swift */; };
		A24C7E351FA25B9A00A929BA /* AbstractionScreen.swift in Sources */ = {isa = PBXBuildFile; fileRef = A24C7E341FA25B9A00A929BA /* AbstractionScreen.swift */; };
		A24C7E371FA25BB300A929BA /* Data&InfoScreen.swift in Sources */ = {isa = PBXBuildFile; fileRef = A24C7E361FA25BB300A929BA /* Data&InfoScreen.swift */; };
		A24C7E3A1FA25BCC00A929BA /* AlgorithmsScreen.swift in Sources */ = {isa = PBXBuildFile; fileRef = A24C7E391FA25BCC00A929BA /* AlgorithmsScreen.swift */; };
		A24C7E3C1FA25BDE00A929BA /* ProgrammingScreen.swift in Sources */ = {isa = PBXBuildFile; fileRef = A24C7E3B1FA25BDE00A929BA /* ProgrammingScreen.swift */; };
		A24C7E3E1FA25BF200A929BA /* InternetScreen.swift in Sources */ = {isa = PBXBuildFile; fileRef = A24C7E3D1FA25BF200A929BA /* InternetScreen.swift */; };
		A24C7E401FA25C0C00A929BA /* GlobalImpactScreen.swift in Sources */ = {isa = PBXBuildFile; fileRef = A24C7E3F1FA25C0C00A929BA /* GlobalImpactScreen.swift */; };
		A2A68C481FA256C30028611F /* AppDelegate.swift in Sources */ = {isa = PBXBuildFile; fileRef = A2A68C471FA256C30028611F /* AppDelegate.swift */; };
		A2A68C4A1FA256C30028611F /* ViewController.swift in Sources */ = {isa = PBXBuildFile; fileRef = A2A68C491FA256C30028611F /* ViewController.swift */; };
		A2A68C4D1FA256C30028611F /* Main.storyboard in Resources */ = {isa = PBXBuildFile; fileRef = A2A68C4B1FA256C30028611F /* Main.storyboard */; };
		A2A68C4F1FA256C30028611F /* Assets.xcassets in Resources */ = {isa = PBXBuildFile; fileRef = A2A68C4E1FA256C30028611F /* Assets.xcassets */; };
		A2A68C521FA256C30028611F /* LaunchScreen.storyboard in Resources */ = {isa = PBXBuildFile; fileRef = A2A68C501FA256C30028611F /* LaunchScreen.storyboard */; };
/* End PBXBuildFile section */

/* Begin PBXFileReference section */
		A24C7E321FA25B7A00A929BA /* CreativityScreen.swift */ = {isa = PBXFileReference; lastKnownFileType = sourcecode.swift; path = CreativityScreen.swift; sourceTree = "<group>"; };
		A24C7E341FA25B9A00A929BA /* AbstractionScreen.swift */ = {isa = PBXFileReference; lastKnownFileType = sourcecode.swift; path = AbstractionScreen.swift; sourceTree = "<group>"; };
		A24C7E361FA25BB300A929BA /* Data&InfoScreen.swift */ = {isa = PBXFileReference; lastKnownFileType = sourcecode.swift; path = "Data&InfoScreen.swift"; sourceTree = "<group>"; };
		A24C7E391FA25BCC00A929BA /* AlgorithmsScreen.swift */ = {isa = PBXFileReference; lastKnownFileType = sourcecode.swift; path = AlgorithmsScreen.swift; sourceTree = "<group>"; };
		A24C7E3B1FA25BDE00A929BA /* ProgrammingScreen.swift */ = {isa = PBXFileReference; lastKnownFileType = sourcecode.swift; path = ProgrammingScreen.swift; sourceTree = "<group>"; };
		A24C7E3D1FA25BF200A929BA /* InternetScreen.swift */ = {isa = PBXFileReference; lastKnownFileType = sourcecode.swift; path = InternetScreen.swift; sourceTree = "<group>"; };
		A24C7E3F1FA25C0C00A929BA /* GlobalImpactScreen.swift */ = {isa = PBXFileReference; lastKnownFileType = sourcecode.swift; path = GlobalImpactScreen.swift; sourceTree = "<group>"; };
		A2A68C441FA256C30028611F /* CalvinBerrett_CSP.app */ = {isa = PBXFileReference; explicitFileType = wrapper.application; includeInIndex = 0; path = CalvinBerrett_CSP.app; sourceTree = BUILT_PRODUCTS_DIR; };
		A2A68C471FA256C30028611F /* AppDelegate.swift */ = {isa = PBXFileReference; lastKnownFileType = sourcecode.swift; path = AppDelegate.swift; sourceTree = "<group>"; };
		A2A68C491FA256C30028611F /* ViewController.swift */ = {isa = PBXFileReference; lastKnownFileType = sourcecode.swift; path = ViewController.swift; sourceTree = "<group>"; };
		A2A68C4C1FA256C30028611F /* Base */ = {isa = PBXFileReference; lastKnownFileType = file.storyboard; name = Base; path = Base.lproj/Main.storyboard; sourceTree = "<group>"; };
		A2A68C4E1FA256C30028611F /* Assets.xcassets */ = {isa = PBXFileReference; lastKnownFileType = folder.assetcatalog; path = Assets.xcassets; sourceTree = "<group>"; };
		A2A68C511FA256C30028611F /* Base */ = {isa = PBXFileReference; lastKnownFileType = file.storyboard; name = Base; path = Base.lproj/LaunchScreen.storyboard; sourceTree = "<group>"; };
		A2A68C531FA256C30028611F /* Info.plist */ = {isa = PBXFileReference; lastKnownFileType = text.plist.xml; path = Info.plist; sourceTree = "<group>"; };
/* End PBXFileReference section */

/* Begin PBXFrameworksBuildPhase section */
		A2A68C411FA256C30028611F /* Frameworks */ = {
			isa = PBXFrameworksBuildPhase;
			buildActionMask = 2147483647;
			files = (
			);
			runOnlyForDeploymentPostprocessing = 0;
		};
/* End PBXFrameworksBuildPhase section */

/* Begin PBXGroup section */
		A2A68C3B1FA256C30028611F = {
			isa = PBXGroup;
			children = (
				A2A68C461FA256C30028611F /* CalvinBerrett_CSP */,
				A2A68C451FA256C30028611F /* Products */,
			);
			sourceTree = "<group>";
		};
		A2A68C451FA256C30028611F /* Products */ = {
			isa = PBXGroup;
			children = (
				A2A68C441FA256C30028611F /* CalvinBerrett_CSP.app */,
			);
			name = Products;
			sourceTree = "<group>";
		};
		A2A68C461FA256C30028611F /* CalvinBerrett_CSP */ = {
			isa = PBXGroup;
			children = (
				A2A68C5C1FA257180028611F /* Controller */,
				A2A68C5D1FA257350028611F /* View */,
				A2A68C5E1FA257430028611F /* Model */,
				A2A68C601FA257520028611F /* Resources */,
			);
			path = CalvinBerrett_CSP;
			sourceTree = "<group>";
		};
		A2A68C5C1FA257180028611F /* Controller */ = {
			isa = PBXGroup;
			children = (
				A2A68C491FA256C30028611F /* ViewController.swift */,
				A2A68C471FA256C30028611F /* AppDelegate.swift */,
				A24C7E321FA25B7A00A929BA /* CreativityScreen.swift */,
				A24C7E341FA25B9A00A929BA /* AbstractionScreen.swift */,
				A24C7E391FA25BCC00A929BA /* AlgorithmsScreen.swift */,
				A24C7E361FA25BB300A929BA /* Data&InfoScreen.swift */,
				A24C7E3B1FA25BDE00A929BA /* ProgrammingScreen.swift */,
				A24C7E3D1FA25BF200A929BA /* InternetScreen.swift */,
				A24C7E3F1FA25C0C00A929BA /* GlobalImpactScreen.swift */,
			);
			path = Controller;
			sourceTree = "<group>";
		};
		A2A68C5D1FA257350028611F /* View */ = {
			isa = PBXGroup;
			children = (
				A2A68C501FA256C30028611F /* LaunchScreen.storyboard */,
				A2A68C4B1FA256C30028611F /* Main.storyboard */,
			);
			path = View;
			sourceTree = "<group>";
		};
		A2A68C5E1FA257430028611F /* Model */ = {
			isa = PBXGroup;
			children = (
			);
			path = Model;
			sourceTree = "<group>";
		};
		A2A68C601FA257520028611F /* Resources */ = {
			isa = PBXGroup;
			children = (
				A2A68C4E1FA256C30028611F /* Assets.xcassets */,
				A2A68C531FA256C30028611F /* Info.plist */,
			);
			path = Resources;
			sourceTree = "<group>";
		};
/* End PBXGroup section */

/* Begin PBXNativeTarget section */
		A2A68C431FA256C30028611F /* CalvinBerrett_CSP */ = {
			isa = PBXNativeTarget;
			buildConfigurationList = A2A68C561FA256C30028611F /* Build configuration list for PBXNativeTarget "CalvinBerrett_CSP" */;
			buildPhases = (
				A2A68C401FA256C30028611F /* Sources */,
				A2A68C411FA256C30028611F /* Frameworks */,
				A2A68C421FA256C30028611F /* Resources */,
			);
			buildRules = (
			);
			dependencies = (
			);
			name = CalvinBerrett_CSP;
			productName = CalvinBerrett_CSP;
			productReference = A2A68C441FA256C30028611F /* CalvinBerrett_CSP.app */;
			productType = "com.apple.product-type.application";
		};
/* End PBXNativeTarget section */

/* Begin PBXProject section */
		A2A68C3C1FA256C30028611F /* Project object */ = {
			isa = PBXProject;
			attributes = {
				LastSwiftUpdateCheck = 0900;
				LastUpgradeCheck = 0900;
				ORGANIZATIONNAME = "Berrett, Calvin";
				TargetAttributes = {
					A2A68C431FA256C30028611F = {
						CreatedOnToolsVersion = 9.0;
						ProvisioningStyle = Automatic;
					};
				};
			};
			buildConfigurationList = A2A68C3F1FA256C30028611F /* Build configuration list for PBXProject "CalvinBerrett_CSP" */;
			compatibilityVersion = "Xcode 8.0";
			developmentRegion = en;
			hasScannedForEncodings = 0;
			knownRegions = (
				en,
				Base,
			);
			mainGroup = A2A68C3B1FA256C30028611F;
			productRefGroup = A2A68C451FA256C30028611F /* Products */;
			projectDirPath = "";
			projectRoot = "";
			targets = (
				A2A68C431FA256C30028611F /* CalvinBerrett_CSP */,
			);
		};
/* End PBXProject section */

/* Begin PBXResourcesBuildPhase section */
		A2A68C421FA256C30028611F /* Resources */ = {
			isa = PBXResourcesBuildPhase;
			buildActionMask = 2147483647;
			files = (
				A2A68C521FA256C30028611F /* LaunchScreen.storyboard in Resources */,
				A2A68C4F1FA256C30028611F /* Assets.xcassets in Resources */,
				A2A68C4D1FA256C30028611F /* Main.storyboard in Resources */,
			);
			runOnlyForDeploymentPostprocessing = 0;
		};
/* End PBXResourcesBuildPhase section */

/* Begin PBXSourcesBuildPhase section */
		A2A68C401FA256C30028611F /* Sources */ = {
			isa = PBXSourcesBuildPhase;
			buildActionMask = 2147483647;
			files = (
				A24C7E3E1FA25BF200A929BA /* InternetScreen.swift in Sources */,
				A24C7E3C1FA25BDE00A929BA /* ProgrammingScreen.swift in Sources */,
				A24C7E371FA25BB300A929BA /* Data&InfoScreen.swift in Sources */,
				A24C7E401FA25C0C00A929BA /* GlobalImpactScreen.swift in Sources */,
				A24C7E351FA25B9A00A929BA /* AbstractionScreen.swift in Sources */,
				A24C7E331FA25B7A00A929BA /* CreativityScreen.swift in Sources */,
				A2A68C4A1FA256C30028611F /* ViewController.swift in Sources */,
				A2A68C481FA256C30028611F /* AppDelegate.swift in Sources */,
				A24C7E3A1FA25BCC00A929BA /* AlgorithmsScreen.swift in Sources */,
			);
			runOnlyForDeploymentPostprocessing = 0;
		};
/* End PBXSourcesBuildPhase section */

/* Begin PBXVariantGroup section */
		A2A68C4B1FA256C30028611F /* Main.storyboard */ = {
			isa = PBXVariantGroup;
			children = (
				A2A68C4C1FA256C30028611F /* Base */,
			);
			name = Main.storyboard;
			sourceTree = "<group>";
		};
		A2A68C501FA256C30028611F /* LaunchScreen.storyboard */ = {
			isa = PBXVariantGroup;
			children = (
				A2A68C511FA256C30028611F /* Base */,
			);
			name = LaunchScreen.storyboard;
			sourceTree = "<group>";
		};
/* End PBXVariantGroup section */

/* Begin XCBuildConfiguration section */
		A2A68C541FA256C30028611F /* Debug */ = {
			isa = XCBuildConfiguration;
			buildSettings = {
				ALWAYS_SEARCH_USER_PATHS = NO;
				CLANG_ANALYZER_NONNULL = YES;
				CLANG_ANALYZER_NUMBER_OBJECT_CONVERSION = YES_AGGRESSIVE;
				CLANG_CXX_LANGUAGE_STANDARD = "gnu++14";
				CLANG_CXX_LIBRARY = "libc++";
				CLANG_ENABLE_MODULES = YES;
				CLANG_ENABLE_OBJC_ARC = YES;
				CLANG_WARN_BLOCK_CAPTURE_AUTORELEASING = YES;
				CLANG_WARN_BOOL_CONVERSION = YES;
				CLANG_WARN_COMMA = YES;
				CLANG_WARN_CONSTANT_CONVERSION = YES;
				CLANG_WARN_DIRECT_OBJC_ISA_USAGE = YES_ERROR;
				CLANG_WARN_DOCUMENTATION_COMMENTS = YES;
				CLANG_WARN_EMPTY_BODY = YES;
				CLANG_WARN_ENUM_CONVERSION = YES;
				CLANG_WARN_INFINITE_RECURSION = YES;
				CLANG_WARN_INT_CONVERSION = YES;
				CLANG_WARN_NON_LITERAL_NULL_CONVERSION = YES;
				CLANG_WARN_OBJC_LITERAL_CONVERSION = YES;
				CLANG_WARN_OBJC_ROOT_CLASS = YES_ERROR;
				CLANG_WARN_RANGE_LOOP_ANALYSIS = YES;
				CLANG_WARN_STRICT_PROTOTYPES = YES;
				CLANG_WARN_SUSPICIOUS_MOVE = YES;
				CLANG_WARN_UNGUARDED_AVAILABILITY = YES_AGGRESSIVE;
				CLANG_WARN_UNREACHABLE_CODE = YES;
				CLANG_WARN__DUPLICATE_METHOD_MATCH = YES;
				CODE_SIGN_IDENTITY = "iPhone Developer";
				COPY_PHASE_STRIP = NO;
				DEBUG_INFORMATION_FORMAT = dwarf;
				ENABLE_STRICT_OBJC_MSGSEND = YES;
				ENABLE_TESTABILITY = YES;
				GCC_C_LANGUAGE_STANDARD = gnu11;
				GCC_DYNAMIC_NO_PIC = NO;
				GCC_NO_COMMON_BLOCKS = YES;
				GCC_OPTIMIZATION_LEVEL = 0;
				GCC_PREPROCESSOR_DEFINITIONS = (
					"DEBUG=1",
					"$(inherited)",
				);
				GCC_WARN_64_TO_32_BIT_CONVERSION = YES;
				GCC_WARN_ABOUT_RETURN_TYPE = YES_ERROR;
				GCC_WARN_UNDECLARED_SELECTOR = YES;
				GCC_WARN_UNINITIALIZED_AUTOS = YES_AGGRESSIVE;
				GCC_WARN_UNUSED_FUNCTION = YES;
				GCC_WARN_UNUSED_VARIABLE = YES;
				IPHONEOS_DEPLOYMENT_TARGET = 11.0;
				MTL_ENABLE_DEBUG_INFO = YES;
				ONLY_ACTIVE_ARCH = YES;
				SDKROOT = iphoneos;
				SWIFT_ACTIVE_COMPILATION_CONDITIONS = DEBUG;
				SWIFT_OPTIMIZATION_LEVEL = "-Onone";
			};
			name = Debug;
		};
		A2A68C551FA256C30028611F /* Release */ = {
			isa = XCBuildConfiguration;
			buildSettings = {
				ALWAYS_SEARCH_USER_PATHS = NO;
				CLANG_ANALYZER_NONNULL = YES;
				CLANG_ANALYZER_NUMBER_OBJECT_CONVERSION = YES_AGGRESSIVE;
				CLANG_CXX_LANGUAGE_STANDARD = "gnu++14";
				CLANG_CXX_LIBRARY = "libc++";
				CLANG_ENABLE_MODULES = YES;
				CLANG_ENABLE_OBJC_ARC = YES;
				CLANG_WARN_BLOCK_CAPTURE_AUTORELEASING = YES;
				CLANG_WARN_BOOL_CONVERSION = YES;
				CLANG_WARN_COMMA = YES;
				CLANG_WARN_CONSTANT_CONVERSION = YES;
				CLANG_WARN_DIRECT_OBJC_ISA_USAGE = YES_ERROR;
				CLANG_WARN_DOCUMENTATION_COMMENTS = YES;
				CLANG_WARN_EMPTY_BODY = YES;
				CLANG_WARN_ENUM_CONVERSION = YES;
				CLANG_WARN_INFINITE_RECURSION = YES;
				CLANG_WARN_INT_CONVERSION = YES;
				CLANG_WARN_NON_LITERAL_NULL_CONVERSION = YES;
				CLANG_WARN_OBJC_LITERAL_CONVERSION = YES;
				CLANG_WARN_OBJC_ROOT_CLASS = YES_ERROR;
				CLANG_WARN_RANGE_LOOP_ANALYSIS = YES;
				CLANG_WARN_STRICT_PROTOTYPES = YES;
				CLANG_WARN_SUSPICIOUS_MOVE = YES;
				CLANG_WARN_UNGUARDED_AVAILABILITY = YES_AGGRESSIVE;
				CLANG_WARN_UNREACHABLE_CODE = YES;
				CLANG_WARN__DUPLICATE_METHOD_MATCH = YES;
				CODE_SIGN_IDENTITY = "iPhone Developer";
				COPY_PHASE_STRIP = NO;
				DEBUG_INFORMATION_FORMAT = "dwarf-with-dsym";
				ENABLE_NS_ASSERTIONS = NO;
				ENABLE_STRICT_OBJC_MSGSEND = YES;
				GCC_C_LANGUAGE_STANDARD = gnu11;
				GCC_NO_COMMON_BLOCKS = YES;
				GCC_WARN_64_TO_32_BIT_CONVERSION = YES;
				GCC_WARN_ABOUT_RETURN_TYPE = YES_ERROR;
				GCC_WARN_UNDECLARED_SELECTOR = YES;
				GCC_WARN_UNINITIALIZED_AUTOS = YES_AGGRESSIVE;
				GCC_WARN_UNUSED_FUNCTION = YES;
				GCC_WARN_UNUSED_VARIABLE = YES;
				IPHONEOS_DEPLOYMENT_TARGET = 11.0;
				MTL_ENABLE_DEBUG_INFO = NO;
				SDKROOT = iphoneos;
				SWIFT_OPTIMIZATION_LEVEL = "-Owholemodule";
				VALIDATE_PRODUCT = YES;
			};
			name = Release;
		};
		A2A68C571FA256C30028611F /* Debug */ = {
			isa = XCBuildConfiguration;
			buildSettings = {
				ASSETCATALOG_COMPILER_APPICON_NAME = AppIcon;
				CODE_SIGN_STYLE = Automatic;
				INFOPLIST_FILE = CalvinBerrett_CSP/Info.plist;
				LD_RUNPATH_SEARCH_PATHS = "$(inherited) @executable_path/Frameworks";
				PRODUCT_BUNDLE_IDENTIFIER = "Berrett--Calvin.CalvinBerrett-CSP";
				PRODUCT_NAME = "$(TARGET_NAME)";
				SWIFT_VERSION = 4.0;
				TARGETED_DEVICE_FAMILY = "1,2";
			};
			name = Debug;
		};
		A2A68C581FA256C30028611F /* Release */ = {
			isa = XCBuildConfiguration;
			buildSettings = {
				ASSETCATALOG_COMPILER_APPICON_NAME = AppIcon;
				CODE_SIGN_STYLE = Automatic;
				INFOPLIST_FILE = CalvinBerrett_CSP/Info.plist;
				LD_RUNPATH_SEARCH_PATHS = "$(inherited) @executable_path/Frameworks";
				PRODUCT_BUNDLE_IDENTIFIER = "Berrett--Calvin.CalvinBerrett-CSP";
				PRODUCT_NAME = "$(TARGET_NAME)";
				SWIFT_VERSION = 4.0;
				TARGETED_DEVICE_FAMILY = "1,2";
			};
			name = Release;
		};
/* End XCBuildConfiguration section */

/* Begin XCConfigurationList section */
		A2A68C3F1FA256C30028611F /* Build configuration list for PBXProject "CalvinBerrett_CSP" */ = {
			isa = XCConfigurationList;
			buildConfigurations = (
				A2A68C541FA256C30028611F /* Debug */,
				A2A68C551FA256C30028611F /* Release */,
			);
			defaultConfigurationIsVisible = 0;
			defaultConfigurationName = Release;
		};
		A2A68C561FA256C30028611F /* Build configuration list for PBXNativeTarget "CalvinBerrett_CSP" */ = {
			isa = XCConfigurationList;
			buildConfigurations = (
				A2A68C571FA256C30028611F /* Debug */,
				A2A68C581FA256C30028611F /* Release */,
			);
			defaultConfigurationIsVisible = 0;
			defaultConfigurationName = Release;
		};
/* End XCConfigurationList section */
	};
	rootObject = A2A68C3C1FA256C30028611F /* Project object */;
}
